{
  "name": "persimmon",
  "version": "1.0.0",
  "lockfileVersion": 2,
  "requires": true,
  "packages": {
    "": {
      "name": "persimmon",
      "version": "1.0.0",
      "license": "ISC",
      "dependencies": {
        "@mongodb-js/zstd": "^1.2.1",
        "commander": "^12.1.0",
        "kiwi-schema": "^0.5.0",
        "node-stream-zip": "^1.15.0",
        "node-zstandard": "^1.2.4"
      }
    },
    "node_modules/@mongodb-js/zstd": {
      "version": "1.2.1",
      "resolved": "https://registry.npmmirror.com/@mongodb-js/zstd/-/zstd-1.2.1.tgz",
      "integrity": "sha512-m+N0N7Ju28P47JfoqOReCW/8mqdWK7+K38muVW0tacXEcNSE3atFEXLabXMoPaAY76KZ21DC11EcB2ehmxW3rQ==",
      "license": "Apache-2.0",
      "engines": {
        "node": ">= 10"
      },
      "optionalDependencies": {
        "@mongodb-js/zstd-darwin-arm64": "1.2.1",
        "@mongodb-js/zstd-darwin-x64": "1.2.1",
        "@mongodb-js/zstd-linux-arm64-gnu": "1.2.1",
        "@mongodb-js/zstd-linux-arm64-musl": "1.2.1",
        "@mongodb-js/zstd-linux-x64-gnu": "1.2.1",
        "@mongodb-js/zstd-linux-x64-musl": "1.2.1",
        "@mongodb-js/zstd-win32-x64-msvc": "1.2.1"
      }
    },
    "node_modules/@mongodb-js/zstd-darwin-arm64": {
      "version": "1.2.1",
      "resolved": "https://registry.npmmirror.com/@mongodb-js/zstd-darwin-arm64/-/zstd-darwin-arm64-1.2.1.tgz",
      "integrity": "sha512-3WRiynS0kicXC2YzpbWLqKG6SCX8hd0o4G2PjeY5mkg15ruAnZMoZmWLR+EcF++h7U0yggoBuQIQOY0f2T+pVQ==",
      "cpu": [
        "arm64"
      ],
      "license": "MIT",
      "optional": true,
      "os": [
        "darwin"
      ],
      "engines": {
        "node": ">= 10"
      }
    },
    "node_modules/@mongodb-js/zstd-linux-arm64-gnu": {
      "version": "1.2.1",
      "resolved": "https://registry.npmmirror.com/@mongodb-js/zstd-linux-arm64-gnu/-/zstd-linux-arm64-gnu-1.2.1.tgz",
      "integrity": "sha512-Rh4UFAhBY/8fMBSf1qzJQj/RWwTecj85vsd+yxWpt7dEZd4ink3KKxwXMX+cHOvxFyclgs0uWcqtS57H8qVAfQ==",
      "cpu": [
        "arm64"
      ],
      "license": "MIT",
      "optional": true,
      "os": [
        "linux"
      ],
      "engines": {
        "node": ">= 10"
      }
    },
    "node_modules/@mongodb-js/zstd-linux-arm64-musl": {
      "version": "1.2.1",
      "resolved": "https://registry.npmmirror.com/@mongodb-js/zstd-linux-arm64-musl/-/zstd-linux-arm64-musl-1.2.1.tgz",
      "integrity": "sha512-ZGHIrLONwUJlUQIATz5R7hR/QbQDAIOSlYHjz71xfYrA4YIUe/Pjo8S1cHSC6RzAWXAjm6fv0WKx5Bq7mTTj0Q==",
      "cpu": [
        "arm64"
      ],
      "license": "MIT",
      "optional": true,
      "os": [
        "linux"
      ],
      "engines": {
        "node": ">= 10"
      }
    },
    "node_modules/@mongodb-js/zstd-linux-x64-gnu": {
      "version": "1.2.1",
      "resolved": "https://registry.npmmirror.com/@mongodb-js/zstd-linux-x64-gnu/-/zstd-linux-x64-gnu-1.2.1.tgz",
      "integrity": "sha512-NlOPKs+SCjhZW1/z2MfSXV53y5KBYiSr+NJFYFlAuDvDbb39wvGRH3oadh8UHM+pB6Ginjwtu3qCQqKy3s+zFw==",
      "cpu": [
        "x64"
      ],
      "license": "MIT",
      "optional": true,
      "os": [
        "linux"
      ],
      "engines": {
        "node": ">= 10"
      }
    },
    "node_modules/@mongodb-js/zstd-linux-x64-musl": {
      "version": "1.2.1",
      "resolved": "https://registry.npmmirror.com/@mongodb-js/zstd-linux-x64-musl/-/zstd-linux-x64-musl-1.2.1.tgz",
      "integrity": "sha512-7rX8FT2Y3r4dmW+Brk2kTAUEldU/wpIa6tasY4nY8r5ufPgJsAAfvJwPIyiVPByPWlkpgtIfa04D/fJnELOf2w==",
      "cpu": [
        "x64"
      ],
      "license": "MIT",
      "optional": true,
      "os": [
        "linux"
      ],
      "engines": {
        "node": ">= 10"
      }
    },
    "node_modules/@mongodb-js/zstd-win32-x64-msvc": {
      "version": "1.2.1",
      "resolved": "https://registry.npmmirror.com/@mongodb-js/zstd-win32-x64-msvc/-/zstd-win32-x64-msvc-1.2.1.tgz",
      "integrity": "sha512-T4uJOynCjuJXmJuW5wbYIjxiwzzF6lE6q1EWhb8/GZvs/GKBgy47lrX5vaTIRY4shQwAiYE9aMDOVdTOV0icXg==",
      "cpu": [
        "x64"
      ],
      "license": "MIT",
      "optional": true,
      "os": [
        "win32"
      ],
      "engines": {
        "node": ">= 10"
      }
    },
    "node_modules/commander": {
      "version": "12.1.0",
      "resolved": "https://registry.npmmirror.com/commander/-/commander-12.1.0.tgz",
      "integrity": "sha512-Vw8qHK3bZM9y/P10u3Vib8o/DdkvA2OtPtZvD871QKjy74Wj1WSKFILMPRPSdUSx5RFK1arlJzEtA4PkFgnbuA==",
      "engines": {
        "node": ">=18"
      }
    },
    "node_modules/kiwi-schema": {
      "version": "0.5.0",
      "resolved": "https://registry.npmmirror.com/kiwi-schema/-/kiwi-schema-0.5.0.tgz",
      "integrity": "sha512-X+FpfU0yTEtc6aTHS7VwbOpvQwRt70+pXXWRI5fd6CvWhe7pSVC854TVo4Zo0x5/wwcWj+/9KUlXpdcP0dY9AA==",
      "bin": {
        "kiwic": "cli.js"
      }
    },
    "node_modules/node-stream-zip": {
      "version": "1.15.0",
      "resolved": "https://registry.npmmirror.com/node-stream-zip/-/node-stream-zip-1.15.0.tgz",
      "integrity": "sha512-LN4fydt9TqhZhThkZIVQnF9cwjU3qmUH9h78Mx/K7d3VvfRqqwthLwJEUOEL0QPZ0XQmNN7be5Ggit5+4dq3Bw==",
      "engines": {
        "node": ">=0.12.0"
      },
      "funding": {
        "type": "github",
        "url": "https://github.com/sponsors/antelle"
      }
    },
    "node_modules/node-zstandard": {
      "version": "1.2.4",
      "resolved": "https://registry.npmmirror.com/node-zstandard/-/node-zstandard-1.2.4.tgz",
      "integrity": "sha512-HNeGu2IAjQWNzYsBWeCCiJ5hLAYjeIGxnklkCdmZX4iPvAiePdlBXCs5XSdYrvEDHcO2Tj6cv/+MFbB4wOwfcg=="
    }
  },
  "dependencies": {
    "@mongodb-js/zstd": {
      "version": "1.2.1",
      "resolved": "https://registry.npmmirror.com/@mongodb-js/zstd/-/zstd-1.2.1.tgz",
      "integrity": "sha512-m+N0N7Ju28P47JfoqOReCW/8mqdWK7+K38muVW0tacXEcNSE3atFEXLabXMoPaAY76KZ21DC11EcB2ehmxW3rQ==",
      "requires": {
        "@mongodb-js/zstd-darwin-arm64": "1.2.1",
        "@mongodb-js/zstd-darwin-x64": "1.2.1",
        "@mongodb-js/zstd-linux-arm64-gnu": "1.2.1",
        "@mongodb-js/zstd-linux-arm64-musl": "1.2.1",
        "@mongodb-js/zstd-linux-x64-gnu": "1.2.1",
        "@mongodb-js/zstd-linux-x64-musl": "1.2.1",
        "@mongodb-js/zstd-win32-x64-msvc": "1.2.1"
      }
    },
    "@mongodb-js/zstd-darwin-arm64": {
      "version": "1.2.1",
      "resolved": "https://registry.npmmirror.com/@mongodb-js/zstd-darwin-arm64/-/zstd-darwin-arm64-1.2.1.tgz",
      "integrity": "sha512-3WRiynS0kicXC2YzpbWLqKG6SCX8hd0o4G2PjeY5mkg15ruAnZMoZmWLR+EcF++h7U0yggoBuQIQOY0f2T+pVQ==",
      "optional": true
    },
    "@mongodb-js/zstd-linux-arm64-gnu": {
      "version": "1.2.1",
      "resolved": "https://registry.npmmirror.com/@mongodb-js/zstd-linux-arm64-gnu/-/zstd-linux-arm64-gnu-1.2.1.tgz",
      "integrity": "sha512-Rh4UFAhBY/8fMBSf1qzJQj/RWwTecj85vsd+yxWpt7dEZd4ink3KKxwXMX+cHOvxFyclgs0uWcqtS57H8qVAfQ==",
      "optional": true
    },
    "@mongodb-js/zstd-linux-arm64-musl": {
      "version": "1.2.1",
      "resolved": "https://registry.npmmirror.com/@mongodb-js/zstd-linux-arm64-musl/-/zstd-linux-arm64-musl-1.2.1.tgz",
      "integrity": "sha512-ZGHIrLONwUJlUQIATz5R7hR/QbQDAIOSlYHjz71xfYrA4YIUe/Pjo8S1cHSC6RzAWXAjm6fv0WKx5Bq7mTTj0Q==",
      "optional": true
    },
    "@mongodb-js/zstd-linux-x64-gnu": {
      "version": "1.2.1",
      "resolved": "https://registry.npmmirror.com/@mongodb-js/zstd-linux-x64-gnu/-/zstd-linux-x64-gnu-1.2.1.tgz",
      "integrity": "sha512-NlOPKs+SCjhZW1/z2MfSXV53y5KBYiSr+NJFYFlAuDvDbb39wvGRH3oadh8UHM+pB6Ginjwtu3qCQqKy3s+zFw==",
      "optional": true
    },
    "@mongodb-js/zstd-linux-x64-musl": {
      "version": "1.2.1",
      "resolved": "https://registry.npmmirror.com/@mongodb-js/zstd-linux-x64-musl/-/zstd-linux-x64-musl-1.2.1.tgz",
      "integrity": "sha512-7rX8FT2Y3r4dmW+Brk2kTAUEldU/wpIa6tasY4nY8r5ufPgJsAAfvJwPIyiVPByPWlkpgtIfa04D/fJnELOf2w==",
      "optional": true
    },
    "@mongodb-js/zstd-win32-x64-msvc": {
      "version": "1.2.1",
      "resolved": "https://registry.npmmirror.com/@mongodb-js/zstd-win32-x64-msvc/-/zstd-win32-x64-msvc-1.2.1.tgz",
      "integrity": "sha512-T4uJOynCjuJXmJuW5wbYIjxiwzzF6lE6q1EWhb8/GZvs/GKBgy47lrX5vaTIRY4shQwAiYE9aMDOVdTOV0icXg==",
      "optional": true
    },
    "commander": {
      "version": "12.1.0",
      "resolved": "https://registry.npmmirror.com/commander/-/commander-12.1.0.tgz",
      "integrity": "sha512-Vw8qHK3bZM9y/P10u3Vib8o/DdkvA2OtPtZvD871QKjy74Wj1WSKFILMPRPSdUSx5RFK1arlJzEtA4PkFgnbuA=="
    },
    "kiwi-schema": {
      "version": "0.5.0",
      "resolved": "https://registry.npmmirror.com/kiwi-schema/-/kiwi-schema-0.5.0.tgz",
      "integrity": "sha512-X+FpfU0yTEtc6aTHS7VwbOpvQwRt70+pXXWRI5fd6CvWhe7pSVC854TVo4Zo0x5/wwcWj+/9KUlXpdcP0dY9AA=="
    },
    "node-stream-zip": {
      "version": "1.15.0",
      "resolved": "https://registry.npmmirror.com/node-stream-zip/-/node-stream-zip-1.15.0.tgz",
      "integrity": "sha512-LN4fydt9TqhZhThkZIVQnF9cwjU3qmUH9h78Mx/K7d3VvfRqqwthLwJEUOEL0QPZ0XQmNN7be5Ggit5+4dq3Bw=="
    },
    "node-zstandard": {
      "version": "1.2.4",
      "resolved": "https://registry.npmmirror.com/node-zstandard/-/node-zstandard-1.2.4.tgz",
      "integrity": "sha512-HNeGu2IAjQWNzYsBWeCCiJ5hLAYjeIGxnklkCdmZX4iPvAiePdlBXCs5XSdYrvEDHcO2Tj6cv/+MFbB4wOwfcg=="
    }
  }
}
